
Microsoft Visual Studio Solution File, Format Version 12.00
# Visual Studio 15
VisualStudioVersion = 15.0.27428.2005
MinimumVisualStudioVersion = 10.0.40219.1
Project("{FAE04EC0-301F-11D3-BF4B-00C04F79EFBC}") = "Trabalho1", "SI\Trabalho1.csproj", "{01395A4E-EAD1-4107-A93F-97A953AA2CFA}"
EndProject
Global
	GlobalSection(SolutionConfigurationPlatforms) = preSolution
		Debug|Any CPU = Debug|Any CPU
		Release|Any CPU = Release|Any CPU
	EndGlobalSection
	GlobalSection(ProjectConfigurationPlatforms) = postSolution
		{01395A4E-EAD1-4107-A93F-97A953AA2CFA}.Debug|Any CPU.ActiveCfg = Debug|Any CPU
		{01395A4E-EAD1-4107-A93F-97A953AA2CFA}.Debug|Any CPU.Build.0 = Debug|Any CPU
		{01395A4E-EAD1-4107-A93F-97A953AA2CFA}.Release|Any CPU.ActiveCfg = Release|Any CPU
		{01395A4E-EAD1-4107-A93F-97A953AA2CFA}.Release|Any CPU.Build.0 = Release|Any CPU
	EndGlobalSection
	GlobalSection(SolutionProperties) = preSolution
		HideSolutionNode = FALSE
	EndGlobalSection
	GlobalSection(ExtensibilityGlobals) = postSolution
		SolutionGuid = {0A273D44-2C3C-40AD-9232-BA32CF44C3F1}
	EndGlobalSection
EndGlobal
